// !$*UTF8*$!
{
	archiveVersion = 1;
	classes = {
	};
	objectVersion = 55;
	objects = {

/* Begin PBXBuildFile section */
		EC5481F428C716EF00F35FA2 /* AppDelegate.swift in Sources */ = {isa = PBXBuildFile; fileRef = EC5481F328C716EF00F35FA2 /* AppDelegate.swift */; };
		EC5481F628C716EF00F35FA2 /* SceneDelegate.swift in Sources */ = {isa = PBXBuildFile; fileRef = EC5481F528C716EF00F35FA2 /* SceneDelegate.swift */; };
		EC5481F828C716EF00F35FA2 /* AlbumsViewController.swift in Sources */ = {isa = PBXBuildFile; fileRef = EC5481F728C716EF00F35FA2 /* AlbumsViewController.swift */; };
		EC5481FD28C716F100F35FA2 /* Assets.xcassets in Resources */ = {isa = PBXBuildFile; fileRef = EC5481FC28C716F100F35FA2 /* Assets.xcassets */; };
		EC54820D28C71DE100F35FA2 /* PhotosViewController.swift in Sources */ = {isa = PBXBuildFile; fileRef = EC54820C28C71DE100F35FA2 /* PhotosViewController.swift */; };
		EC54820F28C71DFE00F35FA2 /* ForYouViewController.swift in Sources */ = {isa = PBXBuildFile; fileRef = EC54820E28C71DFE00F35FA2 /* ForYouViewController.swift */; };
		EC54821128C71E1600F35FA2 /* SearchViewController.swift in Sources */ = {isa = PBXBuildFile; fileRef = EC54821028C71E1600F35FA2 /* SearchViewController.swift */; };
		EC54821628C797E300F35FA2 /* TabBarController.swift in Sources */ = {isa = PBXBuildFile; fileRef = EC54821528C797E300F35FA2 /* TabBarController.swift */; };
		EC54821A28C7B19800F35FA2 /* AlbumsModel.swift in Sources */ = {isa = PBXBuildFile; fileRef = EC54821928C7B19800F35FA2 /* AlbumsModel.swift */; };
		EC54821C28C7E36200F35FA2 /* BigImageCell.swift in Sources */ = {isa = PBXBuildFile; fileRef = EC54821B28C7E36200F35FA2 /* BigImageCell.swift */; };
		EC54821E28C7EBB100F35FA2 /* AlbumsViewController+Extension.swift in Sources */ = {isa = PBXBuildFile; fileRef = EC54821D28C7EBB100F35FA2 /* AlbumsViewController+Extension.swift */; };
		EC54822028C7FC3E00F35FA2 /* TableCell.swift in Sources */ = {isa = PBXBuildFile; fileRef = EC54821F28C7FC3E00F35FA2 /* TableCell.swift */; };
		EC54822228C80C3800F35FA2 /* CellHeader.swift in Sources */ = {isa = PBXBuildFile; fileRef = EC54822128C80C3800F35FA2 /* CellHeader.swift */; };
/* End PBXBuildFile section */

/* Begin PBXFileReference section */
		EC5481F028C716EF00F35FA2 /* iOSPhotosScreenHW14.app */ = {isa = PBXFileReference; explicitFileType = wrapper.application; includeInIndex = 0; path = iOSPhotosScreenHW14.app; sourceTree = BUILT_PRODUCTS_DIR; };
		EC5481F328C716EF00F35FA2 /* AppDelegate.swift */ = {isa = PBXFileReference; lastKnownFileType = sourcecode.swift; path = AppDelegate.swift; sourceTree = "<group>"; };
		EC5481F528C716EF00F35FA2 /* SceneDelegate.swift */ = {isa = PBXFileReference; lastKnownFileType = sourcecode.swift; path = SceneDelegate.swift; sourceTree = "<group>"; };
		EC5481F728C716EF00F35FA2 /* AlbumsViewController.swift */ = {isa = PBXFileReference; lastKnownFileType = sourcecode.swift; path = AlbumsViewController.swift; sourceTree = "<group>"; };
		EC5481FC28C716F100F35FA2 /* Assets.xcassets */ = {isa = PBXFileReference; lastKnownFileType = folder.assetcatalog; path = Assets.xcassets; sourceTree = "<group>"; };
		EC54820128C716F100F35FA2 /* Info.plist */ = {isa = PBXFileReference; lastKnownFileType = text.plist.xml; path = Info.plist; sourceTree = "<group>"; };
		EC54820C28C71DE100F35FA2 /* PhotosViewController.swift */ = {isa = PBXFileReference; lastKnownFileType = sourcecode.swift; path = PhotosViewController.swift; sourceTree = "<group>"; };
		EC54820E28C71DFE00F35FA2 /* ForYouViewController.swift */ = {isa = PBXFileReference; lastKnownFileType = sourcecode.swift; path = ForYouViewController.swift; sourceTree = "<group>"; };
		EC54821028C71E1600F35FA2 /* SearchViewController.swift */ = {isa = PBXFileReference; lastKnownFileType = sourcecode.swift; path = SearchViewController.swift; sourceTree = "<group>"; };
		EC54821528C797E300F35FA2 /* TabBarController.swift */ = {isa = PBXFileReference; lastKnownFileType = sourcecode.swift; path = TabBarController.swift; sourceTree = "<group>"; };
		EC54821928C7B19800F35FA2 /* AlbumsModel.swift */ = {isa = PBXFileReference; lastKnownFileType = sourcecode.swift; path = AlbumsModel.swift; sourceTree = "<group>"; };
		EC54821B28C7E36200F35FA2 /* BigImageCell.swift */ = {isa = PBXFileReference; lastKnownFileType = sourcecode.swift; path = BigImageCell.swift; sourceTree = "<group>"; };
		EC54821D28C7EBB100F35FA2 /* AlbumsViewController+Extension.swift */ = {isa = PBXFileReference; lastKnownFileType = sourcecode.swift; path = "AlbumsViewController+Extension.swift"; sourceTree = "<group>"; };
		EC54821F28C7FC3E00F35FA2 /* TableCell.swift */ = {isa = PBXFileReference; lastKnownFileType = sourcecode.swift; path = TableCell.swift; sourceTree = "<group>"; };
		EC54822128C80C3800F35FA2 /* CellHeader.swift */ = {isa = PBXFileReference; lastKnownFileType = sourcecode.swift; path = CellHeader.swift; sourceTree = "<group>"; };
/* End PBXFileReference section */

/* Begin PBXFrameworksBuildPhase section */
		EC5481ED28C716EF00F35FA2 /* Frameworks */ = {
			isa = PBXFrameworksBuildPhase;
			buildActionMask = 2147483647;
			files = (
			);
			runOnlyForDeploymentPostprocessing = 0;
		};
/* End PBXFrameworksBuildPhase section */

/* Begin PBXGroup section */
		EC31989A28C89D5000FD1F2B /* MainTabBar */ = {
			isa = PBXGroup;
			children = (
				EC54821528C797E300F35FA2 /* TabBarController.swift */,
			);
			path = MainTabBar;
			sourceTree = "<group>";
		};
		EC31989B28C89D5F00FD1F2B /* Library */ = {
			isa = PBXGroup;
			children = (
				EC54820C28C71DE100F35FA2 /* PhotosViewController.swift */,
			);
			path = Library;
			sourceTree = "<group>";
		};
		EC31989C28C89D7400FD1F2B /* ForYou */ = {
			isa = PBXGroup;
			children = (
				EC54820E28C71DFE00F35FA2 /* ForYouViewController.swift */,
			);
			path = ForYou;
			sourceTree = "<group>";
		};
		EC31989D28C89D7E00FD1F2B /* Albums */ = {
			isa = PBXGroup;
			children = (
				EC5481F728C716EF00F35FA2 /* AlbumsViewController.swift */,
				EC54821D28C7EBB100F35FA2 /* AlbumsViewController+Extension.swift */,
				EC54821B28C7E36200F35FA2 /* BigImageCell.swift */,
				EC54821F28C7FC3E00F35FA2 /* TableCell.swift */,
				EC54822128C80C3800F35FA2 /* CellHeader.swift */,
				EC54821928C7B19800F35FA2 /* AlbumsModel.swift */,
			);
			path = Albums;
			sourceTree = "<group>";
		};
		EC31989E28C89DD900FD1F2B /* Search */ = {
			isa = PBXGroup;
			children = (
				EC54821028C71E1600F35FA2 /* SearchViewController.swift */,
			);
			path = Search;
			sourceTree = "<group>";
		};
		EC5481E728C716EF00F35FA2 = {
			isa = PBXGroup;
			children = (
				EC5481F228C716EF00F35FA2 /* iOSPhotosScreenHW14 */,
				EC5481F128C716EF00F35FA2 /* Products */,
			);
			sourceTree = "<group>";
		};
		EC5481F128C716EF00F35FA2 /* Products */ = {
			isa = PBXGroup;
			children = (
				EC5481F028C716EF00F35FA2 /* iOSPhotosScreenHW14.app */,
			);
			name = Products;
			sourceTree = "<group>";
		};
		EC5481F228C716EF00F35FA2 /* iOSPhotosScreenHW14 */ = {
			isa = PBXGroup;
			children = (
				EC54820728C7189E00F35FA2 /* Resources */,
				EC54820928C718DA00F35FA2 /* Sources */,
			);
			path = iOSPhotosScreenHW14;
			sourceTree = "<group>";
		};
		EC54820728C7189E00F35FA2 /* Resources */ = {
			isa = PBXGroup;
			children = (
				EC5481FC28C716F100F35FA2 /* Assets.xcassets */,
				EC54820828C718AC00F35FA2 /* Configurations */,
			);
			path = Resources;
			sourceTree = "<group>";
		};
		EC54820828C718AC00F35FA2 /* Configurations */ = {
			isa = PBXGroup;
			children = (
				EC54820128C716F100F35FA2 /* Info.plist */,
			);
			path = Configurations;
			sourceTree = "<group>";
		};
		EC54820928C718DA00F35FA2 /* Sources */ = {
			isa = PBXGroup;
			children = (
				EC54820A28C718E200F35FA2 /* App */,
				EC54820B28C71A1E00F35FA2 /* Modules */,
			);
			path = Sources;
			sourceTree = "<group>";
		};
		EC54820A28C718E200F35FA2 /* App */ = {
			isa = PBXGroup;
			children = (
				EC5481F328C716EF00F35FA2 /* AppDelegate.swift */,
				EC5481F528C716EF00F35FA2 /* SceneDelegate.swift */,
			);
			path = App;
			sourceTree = "<group>";
		};
		EC54820B28C71A1E00F35FA2 /* Modules */ = {
			isa = PBXGroup;
			children = (
				EC31989A28C89D5000FD1F2B /* MainTabBar */,
				EC31989B28C89D5F00FD1F2B /* Library */,
				EC31989D28C89D7E00FD1F2B /* Albums */,
				EC31989C28C89D7400FD1F2B /* ForYou */,
				EC31989E28C89DD900FD1F2B /* Search */,
			);
			path = Modules;
			sourceTree = "<group>";
		};
/* End PBXGroup section */

/* Begin PBXNativeTarget section */
		EC5481EF28C716EF00F35FA2 /* iOSPhotosScreenHW14 */ = {
			isa = PBXNativeTarget;
			buildConfigurationList = EC54820428C716F100F35FA2 /* Build configuration list for PBXNativeTarget "iOSPhotosScreenHW14" */;
			buildPhases = (
				EC5481EC28C716EF00F35FA2 /* Sources */,
				EC5481ED28C716EF00F35FA2 /* Frameworks */,
				EC5481EE28C716EF00F35FA2 /* Resources */,
			);
			buildRules = (
			);
			dependencies = (
			);
			name = iOSPhotosScreenHW14;
			productName = iOSPhotosScreenHW14;
			productReference = EC5481F028C716EF00F35FA2 /* iOSPhotosScreenHW14.app */;
			productType = "com.apple.product-type.application";
		};
/* End PBXNativeTarget section */

/* Begin PBXProject section */
		EC5481E828C716EF00F35FA2 /* Project object */ = {
			isa = PBXProject;
			attributes = {
				BuildIndependentTargetsInParallel = 1;
				LastSwiftUpdateCheck = 1340;
				LastUpgradeCheck = 1340;
				TargetAttributes = {
					EC5481EF28C716EF00F35FA2 = {
						CreatedOnToolsVersion = 13.4.1;
					};
				};
			};
			buildConfigurationList = EC5481EB28C716EF00F35FA2 /* Build configuration list for PBXProject "iOSPhotosScreenHW14" */;
			compatibilityVersion = "Xcode 13.0";
			developmentRegion = en;
			hasScannedForEncodings = 0;
			knownRegions = (
				en,
				Base,
			);
			mainGroup = EC5481E728C716EF00F35FA2;
			productRefGroup = EC5481F128C716EF00F35FA2 /* Products */;
			projectDirPath = "";
			projectRoot = "";
			targets = (
				EC5481EF28C716EF00F35FA2 /* iOSPhotosScreenHW14 */,
			);
		};
/* End PBXProject section */

/* Begin PBXResourcesBuildPhase section */
		EC5481EE28C716EF00F35FA2 /* Resources */ = {
			isa = PBXResourcesBuildPhase;
			buildActionMask = 2147483647;
			files = (
				EC5481FD28C716F100F35FA2 /* Assets.xcassets in Resources */,
			);
			runOnlyForDeploymentPostprocessing = 0;
		};
/* End PBXResourcesBuildPhase section */

/* Begin PBXSourcesBuildPhase section */
		EC5481EC28C716EF00F35FA2 /* Sources */ = {
			isa = PBXSourcesBuildPhase;
			buildActionMask = 2147483647;
			files = (
				EC54822228C80C3800F35FA2 /* CellHeader.swift in Sources */,
				EC5481F828C716EF00F35FA2 /* AlbumsViewController.swift in Sources */,
				EC54821A28C7B19800F35FA2 /* AlbumsModel.swift in Sources */,
				EC54821C28C7E36200F35FA2 /* BigImageCell.swift in Sources */,
				EC5481F428C716EF00F35FA2 /* AppDelegate.swift in Sources */,
				EC54821E28C7EBB100F35FA2 /* AlbumsViewController+Extension.swift in Sources */,
				EC54820D28C71DE100F35FA2 /* PhotosViewController.swift in Sources */,
				EC5481F628C716EF00F35FA2 /* SceneDelegate.swift in Sources */,
				EC54822028C7FC3E00F35FA2 /* TableCell.swift in Sources */,
				EC54821128C71E1600F35FA2 /* SearchViewController.swift in Sources */,
				EC54820F28C71DFE00F35FA2 /* ForYouViewController.swift in Sources */,
				EC54821628C797E300F35FA2 /* TabBarController.swift in Sources */,
			);
			runOnlyForDeploymentPostprocessing = 0;
		};
/* End PBXSourcesBuildPhase section */

/* Begin XCBuildConfiguration section */
		EC54820228C716F100F35FA2 /* Debug */ = {
			isa = XCBuildConfiguration;
			buildSettings = {
				ALWAYS_SEARCH_USER_PATHS = NO;
				CLANG_ANALYZER_NONNULL = YES;
				CLANG_ANALYZER_NUMBER_OBJECT_CONVERSION = YES_AGGRESSIVE;
				CLANG_CXX_LANGUAGE_STANDARD = "gnu++17";
				CLANG_ENABLE_MODULES = YES;
				CLANG_ENABLE_OBJC_ARC = YES;
				CLANG_ENABLE_OBJC_WEAK = YES;
				CLANG_WARN_BLOCK_CAPTURE_AUTORELEASING = YES;
				CLANG_WARN_BOOL_CONVERSION = YES;
				CLANG_WARN_COMMA = YES;
				CLANG_WARN_CONSTANT_CONVERSION = YES;
				CLANG_WARN_DEPRECATED_OBJC_IMPLEMENTATIONS = YES;
				CLANG_WARN_DIRECT_OBJC_ISA_USAGE = YES_ERROR;
				CLANG_WARN_DOCUMENTATION_COMMENTS = YES;
				CLANG_WARN_EMPTY_BODY = YES;
				CLANG_WARN_ENUM_CONVERSION = YES;
				CLANG_WARN_INFINITE_RECURSION = YES;
				CLANG_WARN_INT_CONVERSION = YES;
				CLANG_WARN_NON_LITERAL_NULL_CONVERSION = YES;
				CLANG_WARN_OBJC_IMPLICIT_RETAIN_SELF = YES;
				CLANG_WARN_OBJC_LITERAL_CONVERSION = YES;
				CLANG_WARN_OBJC_ROOT_CLASS = YES_ERROR;
				CLANG_WARN_QUOTED_INCLUDE_IN_FRAMEWORK_HEADER = YES;
				CLANG_WARN_RANGE_LOOP_ANALYSIS = YES;
				CLANG_WARN_STRICT_PROTOTYPES = YES;
				CLANG_WARN_SUSPICIOUS_MOVE = YES;
				CLANG_WARN_UNGUARDED_AVAILABILITY = YES_AGGRESSIVE;
				CLANG_WARN_UNREACHABLE_CODE = YES;
				CLANG_WARN__DUPLICATE_METHOD_MATCH = YES;
				COPY_PHASE_STRIP = NO;
				DEBUG_INFORMATION_FORMAT = dwarf;
				ENABLE_STRICT_OBJC_MSGSEND = YES;
				ENABLE_TESTABILITY = YES;
				GCC_C_LANGUAGE_STANDARD = gnu11;
				GCC_DYNAMIC_NO_PIC = NO;
				GCC_NO_COMMON_BLOCKS = YES;
				GCC_OPTIMIZATION_LEVEL = 0;
				GCC_PREPROCESSOR_DEFINITIONS = (
					"DEBUG=1",
					"$(inherited)",
				);
				GCC_WARN_64_TO_32_BIT_CONVERSION = YES;
				GCC_WARN_ABOUT_RETURN_TYPE = YES_ERROR;
				GCC_WARN_UNDECLARED_SELECTOR = YES;
				GCC_WARN_UNINITIALIZED_AUTOS = YES_AGGRESSIVE;
				GCC_WARN_UNUSED_FUNCTION = YES;
				GCC_WARN_UNUSED_VARIABLE = YES;
				IPHONEOS_DEPLOYMENT_TARGET = 15.4;
				MTL_ENABLE_DEBUG_INFO = INCLUDE_SOURCE;
				MTL_FAST_MATH = YES;
				ONLY_ACTIVE_ARCH = YES;
				SDKROOT = iphoneos;
				SWIFT_ACTIVE_COMPILATION_CONDITIONS = DEBUG;
				SWIFT_OPTIMIZATION_LEVEL = "-Onone";
			};
			name = Debug;
		};
		EC54820328C716F100F35FA2 /* Release */ = {
			isa = XCBuildConfiguration;
			buildSettings = {
				ALWAYS_SEARCH_USER_PATHS = NO;
				CLANG_ANALYZER_NONNULL = YES;
				CLANG_ANALYZER_NUMBER_OBJECT_CONVERSION = YES_AGGRESSIVE;
				CLANG_CXX_LANGUAGE_STANDARD = "gnu++17";
				CLANG_ENABLE_MODULES = YES;
				CLANG_ENABLE_OBJC_ARC = YES;
				CLANG_ENABLE_OBJC_WEAK = YES;
				CLANG_WARN_BLOCK_CAPTURE_AUTORELEASING = YES;
				CLANG_WARN_BOOL_CONVERSION = YES;
				CLANG_WARN_COMMA = YES;
				CLANG_WARN_CONSTANT_CONVERSION = YES;
				CLANG_WARN_DEPRECATED_OBJC_IMPLEMENTATIONS = YES;
				CLANG_WARN_DIRECT_OBJC_ISA_USAGE = YES_ERROR;
				CLANG_WARN_DOCUMENTATION_COMMENTS = YES;
				CLANG_WARN_EMPTY_BODY = YES;
				CLANG_WARN_ENUM_CONVERSION = YES;
				CLANG_WARN_INFINITE_RECURSION = YES;
				CLANG_WARN_INT_CONVERSION = YES;
				CLANG_WARN_NON_LITERAL_NULL_CONVERSION = YES;
				CLANG_WARN_OBJC_IMPLICIT_RETAIN_SELF = YES;
				CLANG_WARN_OBJC_LITERAL_CONVERSION = YES;
				CLANG_WARN_OBJC_ROOT_CLASS = YES_ERROR;
				CLANG_WARN_QUOTED_INCLUDE_IN_FRAMEWORK_HEADER = YES;
				CLANG_WARN_RANGE_LOOP_ANALYSIS = YES;
				CLANG_WARN_STRICT_PROTOTYPES = YES;
				CLANG_WARN_SUSPICIOUS_MOVE = YES;
				CLANG_WARN_UNGUARDED_AVAILABILITY = YES_AGGRESSIVE;
				CLANG_WARN_UNREACHABLE_CODE = YES;
				CLANG_WARN__DUPLICATE_METHOD_MATCH = YES;
				COPY_PHASE_STRIP = NO;
				DEBUG_INFORMATION_FORMAT = "dwarf-with-dsym";
				ENABLE_NS_ASSERTIONS = NO;
				ENABLE_STRICT_OBJC_MSGSEND = YES;
				GCC_C_LANGUAGE_STANDARD = gnu11;
				GCC_NO_COMMON_BLOCKS = YES;
				GCC_WARN_64_TO_32_BIT_CONVERSION = YES;
				GCC_WARN_ABOUT_RETURN_TYPE = YES_ERROR;
				GCC_WARN_UNDECLARED_SELECTOR = YES;
				GCC_WARN_UNINITIALIZED_AUTOS = YES_AGGRESSIVE;
				GCC_WARN_UNUSED_FUNCTION = YES;
				GCC_WARN_UNUSED_VARIABLE = YES;
				IPHONEOS_DEPLOYMENT_TARGET = 15.4;
				MTL_ENABLE_DEBUG_INFO = NO;
				MTL_FAST_MATH = YES;
				SDKROOT = iphoneos;
				SWIFT_COMPILATION_MODE = wholemodule;
				SWIFT_OPTIMIZATION_LEVEL = "-O";
				VALIDATE_PRODUCT = YES;
			};
			name = Release;
		};
		EC54820528C716F100F35FA2 /* Debug */ = {
			isa = XCBuildConfiguration;
			buildSettings = {
				ASSETCATALOG_COMPILER_APPICON_NAME = AppIcon;
				ASSETCATALOG_COMPILER_GLOBAL_ACCENT_COLOR_NAME = AccentColor;
				CODE_SIGN_STYLE = Automatic;
				CURRENT_PROJECT_VERSION = 1;
				DEVELOPMENT_TEAM = 3X3V3KXTWJ;
				GENERATE_INFOPLIST_FILE = YES;
				INFOPLIST_FILE = iOSPhotosScreenHW14/Resources/Configurations/Info.plist;
				INFOPLIST_KEY_UIApplicationSupportsIndirectInputEvents = YES;
				INFOPLIST_KEY_UILaunchStoryboardName = LaunchScreen;
				INFOPLIST_KEY_UISupportedInterfaceOrientations_iPad = "UIInterfaceOrientationPortrait UIInterfaceOrientationPortraitUpsideDown UIInterfaceOrientationLandscapeLeft UIInterfaceOrientationLandscapeRight";
				INFOPLIST_KEY_UISupportedInterfaceOrientations_iPhone = "UIInterfaceOrientationPortrait UIInterfaceOrientationLandscapeLeft UIInterfaceOrientationLandscapeRight";
				LD_RUNPATH_SEARCH_PATHS = (
					"$(inherited)",
					"@executable_path/Frameworks",
				);
				MARKETING_VERSION = 1.0;
				PRODUCT_BUNDLE_IDENTIFIER = com.my.iOSPhotosScreenHW14;
				PRODUCT_NAME = "$(TARGET_NAME)";
				SWIFT_EMIT_LOC_STRINGS = YES;
				SWIFT_VERSION = 5.0;
				TARGETED_DEVICE_FAMILY = "1,2";
			};
			name = Debug;
		};
		EC54820628C716F100F35FA2 /* Release */ = {
			isa = XCBuildConfiguration;
			buildSettings = {
				ASSETCATALOG_COMPILER_APPICON_NAME = AppIcon;
				ASSETCATALOG_COMPILER_GLOBAL_ACCENT_COLOR_NAME = AccentColor;
				CODE_SIGN_STYLE = Automatic;
				CURRENT_PROJECT_VERSION = 1;
				DEVELOPMENT_TEAM = 3X3V3KXTWJ;
				GENERATE_INFOPLIST_FILE = YES;
				INFOPLIST_FILE = iOSPhotosScreenHW14/Resources/Configurations/Info.plist;
				INFOPLIST_KEY_UIApplicationSupportsIndirectInputEvents = YES;
				INFOPLIST_KEY_UILaunchStoryboardName = LaunchScreen;
				INFOPLIST_KEY_UISupportedInterfaceOrientations_iPad = "UIInterfaceOrientationPortrait UIInterfaceOrientationPortraitUpsideDown UIInterfaceOrientationLandscapeLeft UIInterfaceOrientationLandscapeRight";
				INFOPLIST_KEY_UISupportedInterfaceOrientations_iPhone = "UIInterfaceOrientationPortrait UIInterfaceOrientationLandscapeLeft UIInterfaceOrientationLandscapeRight";
				LD_RUNPATH_SEARCH_PATHS = (
					"$(inherited)",
					"@executable_path/Frameworks",
				);
				MARKETING_VERSION = 1.0;
				PRODUCT_BUNDLE_IDENTIFIER = com.my.iOSPhotosScreenHW14;
				PRODUCT_NAME = "$(TARGET_NAME)";
				SWIFT_EMIT_LOC_STRINGS = YES;
				SWIFT_VERSION = 5.0;
				TARGETED_DEVICE_FAMILY = "1,2";
			};
			name = Release;
		};
/* End XCBuildConfiguration section */

/* Begin XCConfigurationList section */
		EC5481EB28C716EF00F35FA2 /* Build configuration list for PBXProject "iOSPhotosScreenHW14" */ = {
			isa = XCConfigurationList;
			buildConfigurations = (
				EC54820228C716F100F35FA2 /* Debug */,
				EC54820328C716F100F35FA2 /* Release */,
			);
			defaultConfigurationIsVisible = 0;
			defaultConfigurationName = Release;
		};
		EC54820428C716F100F35FA2 /* Build configuration list for PBXNativeTarget "iOSPhotosScreenHW14" */ = {
			isa = XCConfigurationList;
			buildConfigurations = (
				EC54820528C716F100F35FA2 /* Debug */,
				EC54820628C716F100F35FA2 /* Release */,
			);
			defaultConfigurationIsVisible = 0;
			defaultConfigurationName = Release;
		};
/* End XCConfigurationList section */
	};
	rootObject = EC5481E828C716EF00F35FA2 /* Project object */;
}
